
Microsoft Visual Studio Solution File, Format Version 12.00
# Visual Studio 15
VisualStudioVersion = 15.0.27004.2009
MinimumVisualStudioVersion = 10.0.40219.1
Project("{FAE04EC0-301F-11D3-BF4B-00C04F79EFBC}") = "RightAngleTriangles", "RightAngleTriangles\RightAngleTriangles.csproj", "{EAFC17B4-5493-48C5-B7C2-DDC513F7D222}"
EndProject
Global
	GlobalSection(SolutionConfigurationPlatforms) = preSolution
		Debug|Any CPU = Debug|Any CPU
		Release|Any CPU = Release|Any CPU
	EndGlobalSection
	GlobalSection(ProjectConfigurationPlatforms) = postSolution
		{EAFC17B4-5493-48C5-B7C2-DDC513F7D222}.Debug|Any CPU.ActiveCfg = Debug|Any CPU
		{EAFC17B4-5493-48C5-B7C2-DDC513F7D222}.Debug|Any CPU.Build.0 = Debug|Any CPU
		{EAFC17B4-5493-48C5-B7C2-DDC513F7D222}.Release|Any CPU.ActiveCfg = Release|Any CPU
		{EAFC17B4-5493-48C5-B7C2-DDC513F7D222}.Release|Any CPU.Build.0 = Release|Any CPU
	EndGlobalSection
	GlobalSection(SolutionProperties) = preSolution
		HideSolutionNode = FALSE
	EndGlobalSection
	GlobalSection(ExtensibilityGlobals) = postSolution
		SolutionGuid = {F1B2AAF4-6C2E-43E2-BF0E-2BAC6D106AA2}
	EndGlobalSection
EndGlobal
